lockfileVersion: '9.0'

settings:
  autoInstallPeers: true
  excludeLinksFromLockfile: false

importers:

  .:
    dependencies:
      microdiff:
        specifier: ^1.4.0
        version: 1.4.0

packages:

  microdiff@1.4.0:
    resolution: {integrity: sha512-OBKBOa1VBznvLPb/3ljeJaENVe0fO0lnWl77lR4vhPlQD71UpjEoRV5P0KdQkcjbFlBu1Oy2mEUBMU3wxcBAGg==}

snapshots:

  microdiff@1.4.0: {}
